
Microsoft Visual Studio Solution File, Format Version 12.00
# Visual Studio 2013
VisualStudioVersion = 12.0.21005.1
MinimumVisualStudioVersion = 10.0.40219.1
Project("{8BC9CEB8-8B4A-11D0-8D11-00A0C91BC942}") = "Lib0", "Lib0\Lib0.vcxproj", "{D2C35031-881D-4B4E-B2D5-E1AE296D1469}"
EndProject
Project("{8BC9CEB8-8B4A-11D0-8D11-00A0C91BC942}") = "UsingLibDll", "UsingLibDll\UsingLibDll.vcxproj", "{444BBC09-DFDC-4220-8EDE-1FAFBE5A9D73}"
EndProject
Project("{8BC9CEB8-8B4A-11D0-8D11-00A0C91BC942}") = "W32D", "W32D\W32D.vcxproj", "{7C5EC258-1864-4ECC-B4D7-3DC11553BF5F}"
EndProject
Global
	GlobalSection(SolutionConfigurationPlatforms) = preSolution
		Debug|Win32 = Debug|Win32
		Release|Win32 = Release|Win32
	EndGlobalSection
	GlobalSection(ProjectConfigurationPlatforms) = postSolution
		{D2C35031-881D-4B4E-B2D5-E1AE296D1469}.Debug|Win32.ActiveCfg = Debug|Win32
		{D2C35031-881D-4B4E-B2D5-E1AE296D1469}.Debug|Win32.Build.0 = Debug|Win32
		{D2C35031-881D-4B4E-B2D5-E1AE296D1469}.Release|Win32.ActiveCfg = Release|Win32
		{D2C35031-881D-4B4E-B2D5-E1AE296D1469}.Release|Win32.Build.0 = Release|Win32
		{444BBC09-DFDC-4220-8EDE-1FAFBE5A9D73}.Debug|Win32.ActiveCfg = Debug|Win32
		{444BBC09-DFDC-4220-8EDE-1FAFBE5A9D73}.Debug|Win32.Build.0 = Debug|Win32
		{444BBC09-DFDC-4220-8EDE-1FAFBE5A9D73}.Release|Win32.ActiveCfg = Release|Win32
		{444BBC09-DFDC-4220-8EDE-1FAFBE5A9D73}.Release|Win32.Build.0 = Release|Win32
		{7C5EC258-1864-4ECC-B4D7-3DC11553BF5F}.Debug|Win32.ActiveCfg = Debug|Win32
		{7C5EC258-1864-4ECC-B4D7-3DC11553BF5F}.Debug|Win32.Build.0 = Debug|Win32
		{7C5EC258-1864-4ECC-B4D7-3DC11553BF5F}.Release|Win32.ActiveCfg = Release|Win32
		{7C5EC258-1864-4ECC-B4D7-3DC11553BF5F}.Release|Win32.Build.0 = Release|Win32
	EndGlobalSection
	GlobalSection(SolutionProperties) = preSolution
		HideSolutionNode = FALSE
	EndGlobalSection
EndGlobal
